{
  "name": "demo",
  "lockfileVersion": 3,
  "packages": {
    "": {
      "dependencies": {
        "alpha": "1.0.0"
      }
    },
    "node_modules/alpha": {
      "version": "1.0.0",
      "resolved": "https://registry.npmjs.org/alpha/-/alpha-1.0.0.tgz",
      "integrity": "sha512-before"
    }
  }
}
