{
  "name": "demo",
  "lockfileVersion": 3,
  "packages": {
    "": {
      "dependencies": {
        "alpha": "1.0.0",
        "beta": "2.0.0"
      }
    },
    "node_modules/alpha": {
      "version": "1.0.0",
      "resolved": "https://registry.npmjs.org/alpha/-/alpha-1.0.0.tgz",
      "integrity": "sha512-after",
      "dependencies": {
        "child": "3.0.0"
      }
    },
    "node_modules/beta": {
      "version": "2.0.0",
      "resolved": "https://registry.npmjs.org/beta/-/beta-2.0.0.tgz",
      "integrity": "sha512-beta",
      "hasInstallScript": true
    },
    "node_modules/child": {
      "version": "3.0.0",
      "resolved": "https://registry.npmjs.org/child/-/child-3.0.0.tgz",
      "integrity": "sha512-child"
    }
  }
}
